
Microsoft Visual Studio Solution File, Format Version 12.00
# Visual Studio Version 16
VisualStudioVersion = 16.0.29728.190
MinimumVisualStudioVersion = 10.0.40219.1
Project("{FAE04EC0-301F-11D3-BF4B-00C04F79EFBC}") = "DependencyLib", "DependencyLib\DependencyLib.csproj", "{6E997658-871A-4141-BA9C-96CC76447685}"
EndProject
Project("{FAE04EC0-301F-11D3-BF4B-00C04F79EFBC}") = "DevNotePlay", "DevNotePlay\DevNotePlay.csproj", "{47C742A2-AC92-45AF-9FC1-506DB9A409BA}"
EndProject
Project("{2150E333-8FDC-42A3-9474-1A3956D46DE8}") = "API", "API", "{0A4E1C15-80EE-4115-B5E7-9F96F3369EC9}"
EndProject
Project("{D954291E-2A0B-460D-934E-DC6B0785DB48}") = "Common", "SharedProject1\Common.shproj", "{113BCA5B-9911-4344-AF28-7D05AC6D816D}"
EndProject
Project("{FAE04EC0-301F-11D3-BF4B-00C04F79EFBC}") = "DevNote.Interface", "DevNoteBrowser.Interface\DevNote.Interface.csproj", "{8271BA6E-0DB5-4194-A9F5-08BAF65B4110}"
EndProject
Project("{2150E333-8FDC-42A3-9474-1A3956D46DE8}") = "WebSupports", "WebSupports", "{295D4181-F7C1-4DD1-842C-E9CDDDAD9C0A}"
EndProject
Project("{FAE04EC0-301F-11D3-BF4B-00C04F79EFBC}") = "BaiTextFilterClassLibrary", "BaiTextFilterClassLibrary\BaiTextFilterClassLibrary.csproj", "{A4F883DC-AAB9-4C5A-9D18-FD3B6CF3BA2B}"
EndProject
Project("{FAE04EC0-301F-11D3-BF4B-00C04F79EFBC}") = "CodeceptSupport", "CodeceptSupport\CodeceptSupport.csproj", "{B8CE0356-D22E-4FC5-82AF-0B829012A3B6}"
EndProject
Project("{FAE04EC0-301F-11D3-BF4B-00C04F79EFBC}") = "PuppetSupportLib", "PuppeteerSupportLib\PuppetSupportLib.csproj", "{37FD6054-AECC-45B1-9014-7839BDD300BA}"
EndProject
Project("{FAE04EC0-301F-11D3-BF4B-00C04F79EFBC}") = "SeleniumSupportLib", "SeleniumSupportLib\SeleniumSupportLib.csproj", "{A20A13D8-BE3F-4F6E-8AA5-448B9D8DABD9}"
EndProject
Project("{2150E333-8FDC-42A3-9474-1A3956D46DE8}") = "WinSupports", "WinSupports", "{D4E6487B-1424-4A80-8149-A9FCF56D3FC5}"
EndProject
Project("{FAE04EC0-301F-11D3-BF4B-00C04F79EFBC}") = "DevNoteWindowsFormsControlLibrary", "DevNoteWindowsFormsControlLibrary\DevNoteWindowsFormsControlLibrary.csproj", "{7C3A73C3-D9D4-4D2F-9EA4-D7FCB9AB2C76}"
EndProject
Project("{FAE04EC0-301F-11D3-BF4B-00C04F79EFBC}") = "DevNoteCmdPlayer2", "DevNoteCmdPlayer\DevNoteCmdPlayer2.csproj", "{7A8A7452-4D46-449A-A60D-83C4AC8D8A7D}"
EndProject
Project("{FAE04EC0-301F-11D3-BF4B-00C04F79EFBC}") = "DevNotePlay.API", "DevNotePlay.API\DevNotePlay.API.csproj", "{20C65DC8-2439-4BD8-8301-74AA81F9BF1E}"
EndProject
Project("{54435603-DBB4-11D2-8724-00A0C9A8B90C}") = "SetupDevnotePlay", "SetupDPlay\SetupDPlay.vdproj", "{85A9CE4F-06C8-42B7-8FBB-68F5FDC450A6}"
EndProject
Global
	GlobalSection(SharedMSBuildProjectFiles) = preSolution
		SharedProject1\SharedProject1.projitems*{113bca5b-9911-4344-af28-7d05ac6d816d}*SharedItemsImports = 13
		SharedProject1\SharedProject1.projitems*{8271ba6e-0db5-4194-a9f5-08baf65b4110}*SharedItemsImports = 4
	EndGlobalSection
	GlobalSection(SolutionConfigurationPlatforms) = preSolution
		AZURE|Any CPU = AZURE|Any CPU
		CLIENT_DEBUG|Any CPU = CLIENT_DEBUG|Any CPU
		Debug|Any CPU = Debug|Any CPU
		MAIN_DEBUG|Any CPU = MAIN_DEBUG|Any CPU
		OVERRIDE|Any CPU = OVERRIDE|Any CPU
		Release|Any CPU = Release|Any CPU
		TEST|Any CPU = TEST|Any CPU
	EndGlobalSection
	GlobalSection(ProjectConfigurationPlatforms) = postSolution
		{6E997658-871A-4141-BA9C-96CC76447685}.AZURE|Any CPU.ActiveCfg = AZURE|Any CPU
		{6E997658-871A-4141-BA9C-96CC76447685}.AZURE|Any CPU.Build.0 = AZURE|Any CPU
		{6E997658-871A-4141-BA9C-96CC76447685}.CLIENT_DEBUG|Any CPU.ActiveCfg = CLIENT_DEBUG|Any CPU
		{6E997658-871A-4141-BA9C-96CC76447685}.CLIENT_DEBUG|Any CPU.Build.0 = CLIENT_DEBUG|Any CPU
		{6E997658-871A-4141-BA9C-96CC76447685}.Debug|Any CPU.ActiveCfg = Debug|Any CPU
		{6E997658-871A-4141-BA9C-96CC76447685}.Debug|Any CPU.Build.0 = Debug|Any CPU
		{6E997658-871A-4141-BA9C-96CC76447685}.MAIN_DEBUG|Any CPU.ActiveCfg = MAIN_DEBUG|Any CPU
		{6E997658-871A-4141-BA9C-96CC76447685}.MAIN_DEBUG|Any CPU.Build.0 = MAIN_DEBUG|Any CPU
		{6E997658-871A-4141-BA9C-96CC76447685}.OVERRIDE|Any CPU.ActiveCfg = CLIENT_DEBUG|Any CPU
		{6E997658-871A-4141-BA9C-96CC76447685}.OVERRIDE|Any CPU.Build.0 = CLIENT_DEBUG|Any CPU
		{6E997658-871A-4141-BA9C-96CC76447685}.Release|Any CPU.ActiveCfg = Release|Any CPU
		{6E997658-871A-4141-BA9C-96CC76447685}.Release|Any CPU.Build.0 = Release|Any CPU
		{6E997658-871A-4141-BA9C-96CC76447685}.TEST|Any CPU.ActiveCfg = CLIENT_DEBUG|Any CPU
		{6E997658-871A-4141-BA9C-96CC76447685}.TEST|Any CPU.Build.0 = CLIENT_DEBUG|Any CPU
		{47C742A2-AC92-45AF-9FC1-506DB9A409BA}.AZURE|Any CPU.ActiveCfg = AZURE|Any CPU
		{47C742A2-AC92-45AF-9FC1-506DB9A409BA}.AZURE|Any CPU.Build.0 = AZURE|Any CPU
		{47C742A2-AC92-45AF-9FC1-506DB9A409BA}.CLIENT_DEBUG|Any CPU.ActiveCfg = CLIENT_DEBUG|Any CPU
		{47C742A2-AC92-45AF-9FC1-506DB9A409BA}.CLIENT_DEBUG|Any CPU.Build.0 = CLIENT_DEBUG|Any CPU
		{47C742A2-AC92-45AF-9FC1-506DB9A409BA}.Debug|Any CPU.ActiveCfg = Debug|Any CPU
		{47C742A2-AC92-45AF-9FC1-506DB9A409BA}.Debug|Any CPU.Build.0 = Debug|Any CPU
		{47C742A2-AC92-45AF-9FC1-506DB9A409BA}.MAIN_DEBUG|Any CPU.ActiveCfg = MAIN_DEBUG|Any CPU
		{47C742A2-AC92-45AF-9FC1-506DB9A409BA}.MAIN_DEBUG|Any CPU.Build.0 = MAIN_DEBUG|Any CPU
		{47C742A2-AC92-45AF-9FC1-506DB9A409BA}.OVERRIDE|Any CPU.ActiveCfg = CLIENT_DEBUG|Any CPU
		{47C742A2-AC92-45AF-9FC1-506DB9A409BA}.OVERRIDE|Any CPU.Build.0 = CLIENT_DEBUG|Any CPU
		{47C742A2-AC92-45AF-9FC1-506DB9A409BA}.Release|Any CPU.ActiveCfg = Release|Any CPU
		{47C742A2-AC92-45AF-9FC1-506DB9A409BA}.Release|Any CPU.Build.0 = Release|Any CPU
		{47C742A2-AC92-45AF-9FC1-506DB9A409BA}.TEST|Any CPU.ActiveCfg = CLIENT_DEBUG|Any CPU
		{47C742A2-AC92-45AF-9FC1-506DB9A409BA}.TEST|Any CPU.Build.0 = CLIENT_DEBUG|Any CPU
		{8271BA6E-0DB5-4194-A9F5-08BAF65B4110}.AZURE|Any CPU.ActiveCfg = AZURE|Any CPU
		{8271BA6E-0DB5-4194-A9F5-08BAF65B4110}.AZURE|Any CPU.Build.0 = AZURE|Any CPU
		{8271BA6E-0DB5-4194-A9F5-08BAF65B4110}.CLIENT_DEBUG|Any CPU.ActiveCfg = CLIENT_DEBUG|Any CPU
		{8271BA6E-0DB5-4194-A9F5-08BAF65B4110}.CLIENT_DEBUG|Any CPU.Build.0 = CLIENT_DEBUG|Any CPU
		{8271BA6E-0DB5-4194-A9F5-08BAF65B4110}.Debug|Any CPU.ActiveCfg = Debug|Any CPU
		{8271BA6E-0DB5-4194-A9F5-08BAF65B4110}.Debug|Any CPU.Build.0 = Debug|Any CPU
		{8271BA6E-0DB5-4194-A9F5-08BAF65B4110}.MAIN_DEBUG|Any CPU.ActiveCfg = MAIN_DEBUG|Any CPU
		{8271BA6E-0DB5-4194-A9F5-08BAF65B4110}.MAIN_DEBUG|Any CPU.Build.0 = MAIN_DEBUG|Any CPU
		{8271BA6E-0DB5-4194-A9F5-08BAF65B4110}.OVERRIDE|Any CPU.ActiveCfg = OVERRIDE|Any CPU
		{8271BA6E-0DB5-4194-A9F5-08BAF65B4110}.OVERRIDE|Any CPU.Build.0 = OVERRIDE|Any CPU
		{8271BA6E-0DB5-4194-A9F5-08BAF65B4110}.Release|Any CPU.ActiveCfg = Release|Any CPU
		{8271BA6E-0DB5-4194-A9F5-08BAF65B4110}.Release|Any CPU.Build.0 = Release|Any CPU
		{8271BA6E-0DB5-4194-A9F5-08BAF65B4110}.TEST|Any CPU.ActiveCfg = CLIENT_DEBUG|Any CPU
		{8271BA6E-0DB5-4194-A9F5-08BAF65B4110}.TEST|Any CPU.Build.0 = CLIENT_DEBUG|Any CPU
		{A4F883DC-AAB9-4C5A-9D18-FD3B6CF3BA2B}.AZURE|Any CPU.ActiveCfg = AZURE|Any CPU
		{A4F883DC-AAB9-4C5A-9D18-FD3B6CF3BA2B}.AZURE|Any CPU.Build.0 = AZURE|Any CPU
		{A4F883DC-AAB9-4C5A-9D18-FD3B6CF3BA2B}.CLIENT_DEBUG|Any CPU.ActiveCfg = CLIENT_DEBUG|Any CPU
		{A4F883DC-AAB9-4C5A-9D18-FD3B6CF3BA2B}.CLIENT_DEBUG|Any CPU.Build.0 = CLIENT_DEBUG|Any CPU
		{A4F883DC-AAB9-4C5A-9D18-FD3B6CF3BA2B}.Debug|Any CPU.ActiveCfg = Debug|Any CPU
		{A4F883DC-AAB9-4C5A-9D18-FD3B6CF3BA2B}.Debug|Any CPU.Build.0 = Debug|Any CPU
		{A4F883DC-AAB9-4C5A-9D18-FD3B6CF3BA2B}.MAIN_DEBUG|Any CPU.ActiveCfg = MAIN_DEBUG|Any CPU
		{A4F883DC-AAB9-4C5A-9D18-FD3B6CF3BA2B}.MAIN_DEBUG|Any CPU.Build.0 = MAIN_DEBUG|Any CPU
		{A4F883DC-AAB9-4C5A-9D18-FD3B6CF3BA2B}.OVERRIDE|Any CPU.ActiveCfg = OVERRIDE|Any CPU
		{A4F883DC-AAB9-4C5A-9D18-FD3B6CF3BA2B}.OVERRIDE|Any CPU.Build.0 = OVERRIDE|Any CPU
		{A4F883DC-AAB9-4C5A-9D18-FD3B6CF3BA2B}.Release|Any CPU.ActiveCfg = Release|Any CPU
		{A4F883DC-AAB9-4C5A-9D18-FD3B6CF3BA2B}.Release|Any CPU.Build.0 = Release|Any CPU
		{A4F883DC-AAB9-4C5A-9D18-FD3B6CF3BA2B}.TEST|Any CPU.ActiveCfg = CLIENT_DEBUG|Any CPU
		{A4F883DC-AAB9-4C5A-9D18-FD3B6CF3BA2B}.TEST|Any CPU.Build.0 = CLIENT_DEBUG|Any CPU
		{B8CE0356-D22E-4FC5-82AF-0B829012A3B6}.AZURE|Any CPU.ActiveCfg = AZURE|Any CPU
		{B8CE0356-D22E-4FC5-82AF-0B829012A3B6}.AZURE|Any CPU.Build.0 = AZURE|Any CPU
		{B8CE0356-D22E-4FC5-82AF-0B829012A3B6}.CLIENT_DEBUG|Any CPU.ActiveCfg = CLIENT_DEBUG|Any CPU
		{B8CE0356-D22E-4FC5-82AF-0B829012A3B6}.CLIENT_DEBUG|Any CPU.Build.0 = CLIENT_DEBUG|Any CPU
		{B8CE0356-D22E-4FC5-82AF-0B829012A3B6}.Debug|Any CPU.ActiveCfg = Debug|Any CPU
		{B8CE0356-D22E-4FC5-82AF-0B829012A3B6}.Debug|Any CPU.Build.0 = Debug|Any CPU
		{B8CE0356-D22E-4FC5-82AF-0B829012A3B6}.MAIN_DEBUG|Any CPU.ActiveCfg = MAIN_DEBUG|Any CPU
		{B8CE0356-D22E-4FC5-82AF-0B829012A3B6}.MAIN_DEBUG|Any CPU.Build.0 = MAIN_DEBUG|Any CPU
		{B8CE0356-D22E-4FC5-82AF-0B829012A3B6}.OVERRIDE|Any CPU.ActiveCfg = OVERRIDE|Any CPU
		{B8CE0356-D22E-4FC5-82AF-0B829012A3B6}.OVERRIDE|Any CPU.Build.0 = OVERRIDE|Any CPU
		{B8CE0356-D22E-4FC5-82AF-0B829012A3B6}.Release|Any CPU.ActiveCfg = Release|Any CPU
		{B8CE0356-D22E-4FC5-82AF-0B829012A3B6}.Release|Any CPU.Build.0 = Release|Any CPU
		{B8CE0356-D22E-4FC5-82AF-0B829012A3B6}.TEST|Any CPU.ActiveCfg = TEST|Any CPU
		{B8CE0356-D22E-4FC5-82AF-0B829012A3B6}.TEST|Any CPU.Build.0 = TEST|Any CPU
		{37FD6054-AECC-45B1-9014-7839BDD300BA}.AZURE|Any CPU.ActiveCfg = AZURE|Any CPU
		{37FD6054-AECC-45B1-9014-7839BDD300BA}.AZURE|Any CPU.Build.0 = AZURE|Any CPU
		{37FD6054-AECC-45B1-9014-7839BDD300BA}.CLIENT_DEBUG|Any CPU.ActiveCfg = CLIENT_DEBUG|Any CPU
		{37FD6054-AECC-45B1-9014-7839BDD300BA}.CLIENT_DEBUG|Any CPU.Build.0 = CLIENT_DEBUG|Any CPU
		{37FD6054-AECC-45B1-9014-7839BDD300BA}.Debug|Any CPU.ActiveCfg = Debug|Any CPU
		{37FD6054-AECC-45B1-9014-7839BDD300BA}.Debug|Any CPU.Build.0 = Debug|Any CPU
		{37FD6054-AECC-45B1-9014-7839BDD300BA}.MAIN_DEBUG|Any CPU.ActiveCfg = MAIN_DEBUG|Any CPU
		{37FD6054-AECC-45B1-9014-7839BDD300BA}.MAIN_DEBUG|Any CPU.Build.0 = MAIN_DEBUG|Any CPU
		{37FD6054-AECC-45B1-9014-7839BDD300BA}.OVERRIDE|Any CPU.ActiveCfg = OVERRIDE|Any CPU
		{37FD6054-AECC-45B1-9014-7839BDD300BA}.OVERRIDE|Any CPU.Build.0 = OVERRIDE|Any CPU
		{37FD6054-AECC-45B1-9014-7839BDD300BA}.Release|Any CPU.ActiveCfg = Release|Any CPU
		{37FD6054-AECC-45B1-9014-7839BDD300BA}.Release|Any CPU.Build.0 = Release|Any CPU
		{37FD6054-AECC-45B1-9014-7839BDD300BA}.TEST|Any CPU.ActiveCfg = TEST|Any CPU
		{37FD6054-AECC-45B1-9014-7839BDD300BA}.TEST|Any CPU.Build.0 = TEST|Any CPU
		{A20A13D8-BE3F-4F6E-8AA5-448B9D8DABD9}.AZURE|Any CPU.ActiveCfg = AZURE|Any CPU
		{A20A13D8-BE3F-4F6E-8AA5-448B9D8DABD9}.AZURE|Any CPU.Build.0 = AZURE|Any CPU
		{A20A13D8-BE3F-4F6E-8AA5-448B9D8DABD9}.CLIENT_DEBUG|Any CPU.ActiveCfg = CLIENT_DEBUG|Any CPU
		{A20A13D8-BE3F-4F6E-8AA5-448B9D8DABD9}.CLIENT_DEBUG|Any CPU.Build.0 = CLIENT_DEBUG|Any CPU
		{A20A13D8-BE3F-4F6E-8AA5-448B9D8DABD9}.Debug|Any CPU.ActiveCfg = Debug|Any CPU
		{A20A13D8-BE3F-4F6E-8AA5-448B9D8DABD9}.Debug|Any CPU.Build.0 = Debug|Any CPU
		{A20A13D8-BE3F-4F6E-8AA5-448B9D8DABD9}.MAIN_DEBUG|Any CPU.ActiveCfg = MAIN_DEBUG|Any CPU
		{A20A13D8-BE3F-4F6E-8AA5-448B9D8DABD9}.MAIN_DEBUG|Any CPU.Build.0 = MAIN_DEBUG|Any CPU
		{A20A13D8-BE3F-4F6E-8AA5-448B9D8DABD9}.OVERRIDE|Any CPU.ActiveCfg = OVERRIDE|Any CPU
		{A20A13D8-BE3F-4F6E-8AA5-448B9D8DABD9}.OVERRIDE|Any CPU.Build.0 = OVERRIDE|Any CPU
		{A20A13D8-BE3F-4F6E-8AA5-448B9D8DABD9}.Release|Any CPU.ActiveCfg = Release|Any CPU
		{A20A13D8-BE3F-4F6E-8AA5-448B9D8DABD9}.Release|Any CPU.Build.0 = Release|Any CPU
		{A20A13D8-BE3F-4F6E-8AA5-448B9D8DABD9}.TEST|Any CPU.ActiveCfg = TEST|Any CPU
		{A20A13D8-BE3F-4F6E-8AA5-448B9D8DABD9}.TEST|Any CPU.Build.0 = TEST|Any CPU
		{7C3A73C3-D9D4-4D2F-9EA4-D7FCB9AB2C76}.AZURE|Any CPU.ActiveCfg = AZURE|Any CPU
		{7C3A73C3-D9D4-4D2F-9EA4-D7FCB9AB2C76}.AZURE|Any CPU.Build.0 = AZURE|Any CPU
		{7C3A73C3-D9D4-4D2F-9EA4-D7FCB9AB2C76}.CLIENT_DEBUG|Any CPU.ActiveCfg = CLIENT_DEBUG|Any CPU
		{7C3A73C3-D9D4-4D2F-9EA4-D7FCB9AB2C76}.CLIENT_DEBUG|Any CPU.Build.0 = CLIENT_DEBUG|Any CPU
		{7C3A73C3-D9D4-4D2F-9EA4-D7FCB9AB2C76}.Debug|Any CPU.ActiveCfg = Debug|Any CPU
		{7C3A73C3-D9D4-4D2F-9EA4-D7FCB9AB2C76}.Debug|Any CPU.Build.0 = Debug|Any CPU
		{7C3A73C3-D9D4-4D2F-9EA4-D7FCB9AB2C76}.MAIN_DEBUG|Any CPU.ActiveCfg = MAIN_DEBUG|Any CPU
		{7C3A73C3-D9D4-4D2F-9EA4-D7FCB9AB2C76}.MAIN_DEBUG|Any CPU.Build.0 = MAIN_DEBUG|Any CPU
		{7C3A73C3-D9D4-4D2F-9EA4-D7FCB9AB2C76}.OVERRIDE|Any CPU.ActiveCfg = OVERRIDE|Any CPU
		{7C3A73C3-D9D4-4D2F-9EA4-D7FCB9AB2C76}.OVERRIDE|Any CPU.Build.0 = OVERRIDE|Any CPU
		{7C3A73C3-D9D4-4D2F-9EA4-D7FCB9AB2C76}.Release|Any CPU.ActiveCfg = Release|Any CPU
		{7C3A73C3-D9D4-4D2F-9EA4-D7FCB9AB2C76}.Release|Any CPU.Build.0 = Release|Any CPU
		{7C3A73C3-D9D4-4D2F-9EA4-D7FCB9AB2C76}.TEST|Any CPU.ActiveCfg = CLIENT_DEBUG|Any CPU
		{7C3A73C3-D9D4-4D2F-9EA4-D7FCB9AB2C76}.TEST|Any CPU.Build.0 = CLIENT_DEBUG|Any CPU
		{7A8A7452-4D46-449A-A60D-83C4AC8D8A7D}.AZURE|Any CPU.ActiveCfg = AZURE|Any CPU
		{7A8A7452-4D46-449A-A60D-83C4AC8D8A7D}.AZURE|Any CPU.Build.0 = AZURE|Any CPU
		{7A8A7452-4D46-449A-A60D-83C4AC8D8A7D}.CLIENT_DEBUG|Any CPU.ActiveCfg = CLIENT_DEBUG|Any CPU
		{7A8A7452-4D46-449A-A60D-83C4AC8D8A7D}.CLIENT_DEBUG|Any CPU.Build.0 = CLIENT_DEBUG|Any CPU
		{7A8A7452-4D46-449A-A60D-83C4AC8D8A7D}.Debug|Any CPU.ActiveCfg = Debug|Any CPU
		{7A8A7452-4D46-449A-A60D-83C4AC8D8A7D}.Debug|Any CPU.Build.0 = Debug|Any CPU
		{7A8A7452-4D46-449A-A60D-83C4AC8D8A7D}.MAIN_DEBUG|Any CPU.ActiveCfg = MAIN_DEBUG|Any CPU
		{7A8A7452-4D46-449A-A60D-83C4AC8D8A7D}.MAIN_DEBUG|Any CPU.Build.0 = MAIN_DEBUG|Any CPU
		{7A8A7452-4D46-449A-A60D-83C4AC8D8A7D}.OVERRIDE|Any CPU.ActiveCfg = OVERRIDE|Any CPU
		{7A8A7452-4D46-449A-A60D-83C4AC8D8A7D}.OVERRIDE|Any CPU.Build.0 = OVERRIDE|Any CPU
		{7A8A7452-4D46-449A-A60D-83C4AC8D8A7D}.Release|Any CPU.ActiveCfg = Release|Any CPU
		{7A8A7452-4D46-449A-A60D-83C4AC8D8A7D}.Release|Any CPU.Build.0 = Release|Any CPU
		{7A8A7452-4D46-449A-A60D-83C4AC8D8A7D}.TEST|Any CPU.ActiveCfg = TEST|Any CPU
		{7A8A7452-4D46-449A-A60D-83C4AC8D8A7D}.TEST|Any CPU.Build.0 = TEST|Any CPU
		{20C65DC8-2439-4BD8-8301-74AA81F9BF1E}.AZURE|Any CPU.ActiveCfg = Release|Any CPU
		{20C65DC8-2439-4BD8-8301-74AA81F9BF1E}.AZURE|Any CPU.Build.0 = Release|Any CPU
		{20C65DC8-2439-4BD8-8301-74AA81F9BF1E}.CLIENT_DEBUG|Any CPU.ActiveCfg = Release|Any CPU
		{20C65DC8-2439-4BD8-8301-74AA81F9BF1E}.CLIENT_DEBUG|Any CPU.Build.0 = Release|Any CPU
		{20C65DC8-2439-4BD8-8301-74AA81F9BF1E}.Debug|Any CPU.ActiveCfg = Debug|Any CPU
		{20C65DC8-2439-4BD8-8301-74AA81F9BF1E}.Debug|Any CPU.Build.0 = Debug|Any CPU
		{20C65DC8-2439-4BD8-8301-74AA81F9BF1E}.MAIN_DEBUG|Any CPU.ActiveCfg = Release|Any CPU
		{20C65DC8-2439-4BD8-8301-74AA81F9BF1E}.MAIN_DEBUG|Any CPU.Build.0 = Release|Any CPU
		{20C65DC8-2439-4BD8-8301-74AA81F9BF1E}.OVERRIDE|Any CPU.ActiveCfg = Release|Any CPU
		{20C65DC8-2439-4BD8-8301-74AA81F9BF1E}.OVERRIDE|Any CPU.Build.0 = Release|Any CPU
		{20C65DC8-2439-4BD8-8301-74AA81F9BF1E}.Release|Any CPU.ActiveCfg = Release|Any CPU
		{20C65DC8-2439-4BD8-8301-74AA81F9BF1E}.Release|Any CPU.Build.0 = Release|Any CPU
		{20C65DC8-2439-4BD8-8301-74AA81F9BF1E}.TEST|Any CPU.ActiveCfg = Release|Any CPU
		{20C65DC8-2439-4BD8-8301-74AA81F9BF1E}.TEST|Any CPU.Build.0 = Release|Any CPU
		{85A9CE4F-06C8-42B7-8FBB-68F5FDC450A6}.AZURE|Any CPU.ActiveCfg = Release
		{85A9CE4F-06C8-42B7-8FBB-68F5FDC450A6}.AZURE|Any CPU.Build.0 = Release
		{85A9CE4F-06C8-42B7-8FBB-68F5FDC450A6}.CLIENT_DEBUG|Any CPU.ActiveCfg = Release
		{85A9CE4F-06C8-42B7-8FBB-68F5FDC450A6}.CLIENT_DEBUG|Any CPU.Build.0 = Release
		{85A9CE4F-06C8-42B7-8FBB-68F5FDC450A6}.Debug|Any CPU.ActiveCfg = Debug
		{85A9CE4F-06C8-42B7-8FBB-68F5FDC450A6}.Debug|Any CPU.Build.0 = Debug
		{85A9CE4F-06C8-42B7-8FBB-68F5FDC450A6}.MAIN_DEBUG|Any CPU.ActiveCfg = Release
		{85A9CE4F-06C8-42B7-8FBB-68F5FDC450A6}.MAIN_DEBUG|Any CPU.Build.0 = Release
		{85A9CE4F-06C8-42B7-8FBB-68F5FDC450A6}.OVERRIDE|Any CPU.ActiveCfg = Release
		{85A9CE4F-06C8-42B7-8FBB-68F5FDC450A6}.OVERRIDE|Any CPU.Build.0 = Release
		{85A9CE4F-06C8-42B7-8FBB-68F5FDC450A6}.Release|Any CPU.ActiveCfg = Release
		{85A9CE4F-06C8-42B7-8FBB-68F5FDC450A6}.Release|Any CPU.Build.0 = Release
		{85A9CE4F-06C8-42B7-8FBB-68F5FDC450A6}.TEST|Any CPU.ActiveCfg = Release
		{85A9CE4F-06C8-42B7-8FBB-68F5FDC450A6}.TEST|Any CPU.Build.0 = Release
	EndGlobalSection
	GlobalSection(SolutionProperties) = preSolution
		HideSolutionNode = FALSE
	EndGlobalSection
	GlobalSection(NestedProjects) = preSolution
		{113BCA5B-9911-4344-AF28-7D05AC6D816D} = {0A4E1C15-80EE-4115-B5E7-9F96F3369EC9}
		{8271BA6E-0DB5-4194-A9F5-08BAF65B4110} = {0A4E1C15-80EE-4115-B5E7-9F96F3369EC9}
		{A4F883DC-AAB9-4C5A-9D18-FD3B6CF3BA2B} = {295D4181-F7C1-4DD1-842C-E9CDDDAD9C0A}
		{B8CE0356-D22E-4FC5-82AF-0B829012A3B6} = {295D4181-F7C1-4DD1-842C-E9CDDDAD9C0A}
		{37FD6054-AECC-45B1-9014-7839BDD300BA} = {295D4181-F7C1-4DD1-842C-E9CDDDAD9C0A}
		{A20A13D8-BE3F-4F6E-8AA5-448B9D8DABD9} = {295D4181-F7C1-4DD1-842C-E9CDDDAD9C0A}
		{7C3A73C3-D9D4-4D2F-9EA4-D7FCB9AB2C76} = {D4E6487B-1424-4A80-8149-A9FCF56D3FC5}
		{7A8A7452-4D46-449A-A60D-83C4AC8D8A7D} = {D4E6487B-1424-4A80-8149-A9FCF56D3FC5}
	EndGlobalSection
	GlobalSection(ExtensibilityGlobals) = postSolution
		SolutionGuid = {846F7DEE-7CA2-4C81-8980-A722E0A2969E}
	EndGlobalSection
EndGlobal
